
Microsoft Visual Studio Solution File, Format Version 12.00
# Visual Studio 15
VisualStudioVersion = 15.0.28307.1145
MinimumVisualStudioVersion = 10.0.40219.1
Project("{FAE04EC0-301F-11D3-BF4B-00C04F79EFBC}") = "Metodos numericos", "Metodos numericos\Metodos numericos.csproj", "{F9C6FBA1-163D-4893-A02D-725EDD2B7AFB}"
EndProject
Global
	GlobalSection(SolutionConfigurationPlatforms) = preSolution
		Debug|Any CPU = Debug|Any CPU
		Release|Any CPU = Release|Any CPU
	EndGlobalSection
	GlobalSection(ProjectConfigurationPlatforms) = postSolution
		{F9C6FBA1-163D-4893-A02D-725EDD2B7AFB}.Debug|Any CPU.ActiveCfg = Debug|Any CPU
		{F9C6FBA1-163D-4893-A02D-725EDD2B7AFB}.Debug|Any CPU.Build.0 = Debug|Any CPU
		{F9C6FBA1-163D-4893-A02D-725EDD2B7AFB}.Release|Any CPU.ActiveCfg = Release|Any CPU
		{F9C6FBA1-163D-4893-A02D-725EDD2B7AFB}.Release|Any CPU.Build.0 = Release|Any CPU
	EndGlobalSection
	GlobalSection(SolutionProperties) = preSolution
		HideSolutionNode = FALSE
	EndGlobalSection
	GlobalSection(ExtensibilityGlobals) = postSolution
		SolutionGuid = {6FD3CCFA-7969-40CF-9676-3C07A1F621C3}
	EndGlobalSection
EndGlobal
